// !$*UTF8*$!
{
	archiveVersion = 1;
	classes = {
	};
	objectVersion = 54;
	objects = {

/* Begin PBXBuildFile section */
		52D6D9871BEFF229002C0205 /* BRToolKit.framework in Frameworks */ = {isa = PBXBuildFile; fileRef = 52D6D97C1BEFF229002C0205 /* BRToolKit.framework */; };
		8E1042B82663C9F500CBD263 /* Comparable+Clamped.swift in Sources */ = {isa = PBXBuildFile; fileRef = 8E1042B72663C9F500CBD263 /* Comparable+Clamped.swift */; };
		8E1042B92663C9F500CBD263 /* Comparable+Clamped.swift in Sources */ = {isa = PBXBuildFile; fileRef = 8E1042B72663C9F500CBD263 /* Comparable+Clamped.swift */; };
		8E1042BA2663C9F500CBD263 /* Comparable+Clamped.swift in Sources */ = {isa = PBXBuildFile; fileRef = 8E1042B72663C9F500CBD263 /* Comparable+Clamped.swift */; };
		8E1042BB2663C9F500CBD263 /* Comparable+Clamped.swift in Sources */ = {isa = PBXBuildFile; fileRef = 8E1042B72663C9F500CBD263 /* Comparable+Clamped.swift */; };
		8E1042BE2663CA5C00CBD263 /* Comparable+ClampedTests.swift in Sources */ = {isa = PBXBuildFile; fileRef = 8E1042BD2663CA5C00CBD263 /* Comparable+ClampedTests.swift */; };
		8E1042BF2663CA5C00CBD263 /* Comparable+ClampedTests.swift in Sources */ = {isa = PBXBuildFile; fileRef = 8E1042BD2663CA5C00CBD263 /* Comparable+ClampedTests.swift */; };
		8E1042C02663CA5C00CBD263 /* Comparable+ClampedTests.swift in Sources */ = {isa = PBXBuildFile; fileRef = 8E1042BD2663CA5C00CBD263 /* Comparable+ClampedTests.swift */; };
		8E21604125C6CF4D00AE2EFA /* AppSetting.swift in Sources */ = {isa = PBXBuildFile; fileRef = 8E21604025C6CF4D00AE2EFA /* AppSetting.swift */; };
		8E21604225C6CF4D00AE2EFA /* AppSetting.swift in Sources */ = {isa = PBXBuildFile; fileRef = 8E21604025C6CF4D00AE2EFA /* AppSetting.swift */; };
		8E21604325C6CF4D00AE2EFA /* AppSetting.swift in Sources */ = {isa = PBXBuildFile; fileRef = 8E21604025C6CF4D00AE2EFA /* AppSetting.swift */; };
		8E21604425C6CF4D00AE2EFA /* AppSetting.swift in Sources */ = {isa = PBXBuildFile; fileRef = 8E21604025C6CF4D00AE2EFA /* AppSetting.swift */; };
		8E21604D25C6F37A00AE2EFA /* AppSettingTests.swift in Sources */ = {isa = PBXBuildFile; fileRef = 8E21604C25C6F37A00AE2EFA /* AppSettingTests.swift */; };
		8E21604E25C6F37A00AE2EFA /* AppSettingTests.swift in Sources */ = {isa = PBXBuildFile; fileRef = 8E21604C25C6F37A00AE2EFA /* AppSettingTests.swift */; };
		8E21604F25C6F37A00AE2EFA /* AppSettingTests.swift in Sources */ = {isa = PBXBuildFile; fileRef = 8E21604C25C6F37A00AE2EFA /* AppSettingTests.swift */; };
		8E32425720798C2A0037481F /* UIColor+Hex.swift in Sources */ = {isa = PBXBuildFile; fileRef = 8E32425620798C2A0037481F /* UIColor+Hex.swift */; };
		8E32425820798C2A0037481F /* UIColor+Hex.swift in Sources */ = {isa = PBXBuildFile; fileRef = 8E32425620798C2A0037481F /* UIColor+Hex.swift */; };
		8E32425920798C2A0037481F /* UIColor+Hex.swift in Sources */ = {isa = PBXBuildFile; fileRef = 8E32425620798C2A0037481F /* UIColor+Hex.swift */; };
		8E32425A20798C2A0037481F /* UIColor+Hex.swift in Sources */ = {isa = PBXBuildFile; fileRef = 8E32425620798C2A0037481F /* UIColor+Hex.swift */; };
		8E4D456C2095EEA600FBA348 /* UnfairLockTests.swift in Sources */ = {isa = PBXBuildFile; fileRef = 8E4D456B2095EEA600FBA348 /* UnfairLockTests.swift */; };
		8E4D456D2095EEA600FBA348 /* UnfairLockTests.swift in Sources */ = {isa = PBXBuildFile; fileRef = 8E4D456B2095EEA600FBA348 /* UnfairLockTests.swift */; };
		8E4D456E2095EEA600FBA348 /* UnfairLockTests.swift in Sources */ = {isa = PBXBuildFile; fileRef = 8E4D456B2095EEA600FBA348 /* UnfairLockTests.swift */; };
		8E4D45702095F55200FBA348 /* MutexLockTests.swift in Sources */ = {isa = PBXBuildFile; fileRef = 8E4D456F2095F55200FBA348 /* MutexLockTests.swift */; };
		8E4D45712095F55200FBA348 /* MutexLockTests.swift in Sources */ = {isa = PBXBuildFile; fileRef = 8E4D456F2095F55200FBA348 /* MutexLockTests.swift */; };
		8E4D45722095F55200FBA348 /* MutexLockTests.swift in Sources */ = {isa = PBXBuildFile; fileRef = 8E4D456F2095F55200FBA348 /* MutexLockTests.swift */; };
		8E67ED7C205EA6D500D3A57F /* PropertyObservable.swift in Sources */ = {isa = PBXBuildFile; fileRef = 8E67ED7B205EA6D500D3A57F /* PropertyObservable.swift */; };
		8E67ED7D205EA6D500D3A57F /* PropertyObservable.swift in Sources */ = {isa = PBXBuildFile; fileRef = 8E67ED7B205EA6D500D3A57F /* PropertyObservable.swift */; };
		8E67ED7E205EA6D500D3A57F /* PropertyObservable.swift in Sources */ = {isa = PBXBuildFile; fileRef = 8E67ED7B205EA6D500D3A57F /* PropertyObservable.swift */; };
		8E67ED7F205EA6D500D3A57F /* PropertyObservable.swift in Sources */ = {isa = PBXBuildFile; fileRef = 8E67ED7B205EA6D500D3A57F /* PropertyObservable.swift */; };
		8E67ED86205EA8A300D3A57F /* PropertyObservableTests.swift in Sources */ = {isa = PBXBuildFile; fileRef = 8E67ED81205EA87100D3A57F /* PropertyObservableTests.swift */; };
		8E67ED87205EA8A300D3A57F /* PropertyObservableTests.swift in Sources */ = {isa = PBXBuildFile; fileRef = 8E67ED81205EA87100D3A57F /* PropertyObservableTests.swift */; };
		8E67ED88205EA8A400D3A57F /* PropertyObservableTests.swift in Sources */ = {isa = PBXBuildFile; fileRef = 8E67ED81205EA87100D3A57F /* PropertyObservableTests.swift */; };
		8E801DE02095159A00E5424A /* UnfairLock.swift in Sources */ = {isa = PBXBuildFile; fileRef = 8E801DDF2095159A00E5424A /* UnfairLock.swift */; };
		8E801DE12095159A00E5424A /* UnfairLock.swift in Sources */ = {isa = PBXBuildFile; fileRef = 8E801DDF2095159A00E5424A /* UnfairLock.swift */; };
		8E801DE22095159A00E5424A /* UnfairLock.swift in Sources */ = {isa = PBXBuildFile; fileRef = 8E801DDF2095159A00E5424A /* UnfairLock.swift */; };
		8E801DE32095159A00E5424A /* UnfairLock.swift in Sources */ = {isa = PBXBuildFile; fileRef = 8E801DDF2095159A00E5424A /* UnfairLock.swift */; };
		8E801DE520951F8100E5424A /* Lockable.swift in Sources */ = {isa = PBXBuildFile; fileRef = 8E801DE420951F8100E5424A /* Lockable.swift */; };
		8E801DE620951F8100E5424A /* Lockable.swift in Sources */ = {isa = PBXBuildFile; fileRef = 8E801DE420951F8100E5424A /* Lockable.swift */; };
		8E801DE720951F8100E5424A /* Lockable.swift in Sources */ = {isa = PBXBuildFile; fileRef = 8E801DE420951F8100E5424A /* Lockable.swift */; };
		8E801DE820951F8100E5424A /* Lockable.swift in Sources */ = {isa = PBXBuildFile; fileRef = 8E801DE420951F8100E5424A /* Lockable.swift */; };
		8E801DEA20951FC400E5424A /* MutexLock.swift in Sources */ = {isa = PBXBuildFile; fileRef = 8E801DE920951FC400E5424A /* MutexLock.swift */; };
		8E801DEB20951FC400E5424A /* MutexLock.swift in Sources */ = {isa = PBXBuildFile; fileRef = 8E801DE920951FC400E5424A /* MutexLock.swift */; };
		8E801DEC20951FC400E5424A /* MutexLock.swift in Sources */ = {isa = PBXBuildFile; fileRef = 8E801DE920951FC400E5424A /* MutexLock.swift */; };
		8E801DED20951FC400E5424A /* MutexLock.swift in Sources */ = {isa = PBXBuildFile; fileRef = 8E801DE920951FC400E5424A /* MutexLock.swift */; };
		8E8472E42BE28DBD00F4D90F /* ContinuousObservation.swift in Sources */ = {isa = PBXBuildFile; fileRef = 8E8472E32BE28DBD00F4D90F /* ContinuousObservation.swift */; };
		8E8472E52BE28DBD00F4D90F /* ContinuousObservation.swift in Sources */ = {isa = PBXBuildFile; fileRef = 8E8472E32BE28DBD00F4D90F /* ContinuousObservation.swift */; };
		8E8472E62BE28DBD00F4D90F /* ContinuousObservation.swift in Sources */ = {isa = PBXBuildFile; fileRef = 8E8472E32BE28DBD00F4D90F /* ContinuousObservation.swift */; };
		8E8472E72BE28DBD00F4D90F /* ContinuousObservation.swift in Sources */ = {isa = PBXBuildFile; fileRef = 8E8472E32BE28DBD00F4D90F /* ContinuousObservation.swift */; };
		8EAD8F40205484EA00E8804F /* AsyncOperation.swift in Sources */ = {isa = PBXBuildFile; fileRef = 8EAD8F3F205484EA00E8804F /* AsyncOperation.swift */; };
		8EAD8F41205484EA00E8804F /* AsyncOperation.swift in Sources */ = {isa = PBXBuildFile; fileRef = 8EAD8F3F205484EA00E8804F /* AsyncOperation.swift */; };
		8EAD8F42205484EA00E8804F /* AsyncOperation.swift in Sources */ = {isa = PBXBuildFile; fileRef = 8EAD8F3F205484EA00E8804F /* AsyncOperation.swift */; };
		8EAD8F43205484EA00E8804F /* AsyncOperation.swift in Sources */ = {isa = PBXBuildFile; fileRef = 8EAD8F3F205484EA00E8804F /* AsyncOperation.swift */; };
		8EAD8F452054880800E8804F /* OperationGroup.swift in Sources */ = {isa = PBXBuildFile; fileRef = 8EAD8F442054880800E8804F /* OperationGroup.swift */; };
		8EAD8F462054880800E8804F /* OperationGroup.swift in Sources */ = {isa = PBXBuildFile; fileRef = 8EAD8F442054880800E8804F /* OperationGroup.swift */; };
		8EAD8F472054880800E8804F /* OperationGroup.swift in Sources */ = {isa = PBXBuildFile; fileRef = 8EAD8F442054880800E8804F /* OperationGroup.swift */; };
		8EAD8F482054880800E8804F /* OperationGroup.swift in Sources */ = {isa = PBXBuildFile; fileRef = 8EAD8F442054880800E8804F /* OperationGroup.swift */; };
		8EAD8F4A2054881700E8804F /* OperationSequence.swift in Sources */ = {isa = PBXBuildFile; fileRef = 8EAD8F492054881700E8804F /* OperationSequence.swift */; };
		8EAD8F4B2054881700E8804F /* OperationSequence.swift in Sources */ = {isa = PBXBuildFile; fileRef = 8EAD8F492054881700E8804F /* OperationSequence.swift */; };
		8EAD8F4C2054881700E8804F /* OperationSequence.swift in Sources */ = {isa = PBXBuildFile; fileRef = 8EAD8F492054881700E8804F /* OperationSequence.swift */; };
		8EAD8F4D2054881700E8804F /* OperationSequence.swift in Sources */ = {isa = PBXBuildFile; fileRef = 8EAD8F492054881700E8804F /* OperationSequence.swift */; };
		8EAD8F5020548BAF00E8804F /* AsyncOperationTests.swift in Sources */ = {isa = PBXBuildFile; fileRef = 8EAD8F4F20548BAF00E8804F /* AsyncOperationTests.swift */; };
		8EAD8F5120548BAF00E8804F /* AsyncOperationTests.swift in Sources */ = {isa = PBXBuildFile; fileRef = 8EAD8F4F20548BAF00E8804F /* AsyncOperationTests.swift */; };
		8EAD8F5220548BAF00E8804F /* AsyncOperationTests.swift in Sources */ = {isa = PBXBuildFile; fileRef = 8EAD8F4F20548BAF00E8804F /* AsyncOperationTests.swift */; };
		8EAD8F5420548C2800E8804F /* OperationGroupTests.swift in Sources */ = {isa = PBXBuildFile; fileRef = 8EAD8F5320548C2800E8804F /* OperationGroupTests.swift */; };
		8EAD8F5520548C2800E8804F /* OperationGroupTests.swift in Sources */ = {isa = PBXBuildFile; fileRef = 8EAD8F5320548C2800E8804F /* OperationGroupTests.swift */; };
		8EAD8F5620548C2800E8804F /* OperationGroupTests.swift in Sources */ = {isa = PBXBuildFile; fileRef = 8EAD8F5320548C2800E8804F /* OperationGroupTests.swift */; };
		8EAD8F5820548C8400E8804F /* OperationSequenceTests.swift in Sources */ = {isa = PBXBuildFile; fileRef = 8EAD8F5720548C8400E8804F /* OperationSequenceTests.swift */; };
		8EAD8F5920548C8400E8804F /* OperationSequenceTests.swift in Sources */ = {isa = PBXBuildFile; fileRef = 8EAD8F5720548C8400E8804F /* OperationSequenceTests.swift */; };
		8EAD8F5A20548C8400E8804F /* OperationSequenceTests.swift in Sources */ = {isa = PBXBuildFile; fileRef = 8EAD8F5720548C8400E8804F /* OperationSequenceTests.swift */; };
		8EB133C524A780780040B269 /* Reducer.swift in Sources */ = {isa = PBXBuildFile; fileRef = 8EB133C424A780780040B269 /* Reducer.swift */; };
		8EB133C624A780780040B269 /* Reducer.swift in Sources */ = {isa = PBXBuildFile; fileRef = 8EB133C424A780780040B269 /* Reducer.swift */; };
		8EB133C724A780780040B269 /* Reducer.swift in Sources */ = {isa = PBXBuildFile; fileRef = 8EB133C424A780780040B269 /* Reducer.swift */; };
		8EB133C824A780780040B269 /* Reducer.swift in Sources */ = {isa = PBXBuildFile; fileRef = 8EB133C424A780780040B269 /* Reducer.swift */; };
		8EBC57FF248588A10066D7C6 /* Store.swift in Sources */ = {isa = PBXBuildFile; fileRef = 8EBC57FE248588A10066D7C6 /* Store.swift */; };
		8EBC5800248588A10066D7C6 /* Store.swift in Sources */ = {isa = PBXBuildFile; fileRef = 8EBC57FE248588A10066D7C6 /* Store.swift */; };
		8EBC5801248588A10066D7C6 /* Store.swift in Sources */ = {isa = PBXBuildFile; fileRef = 8EBC57FE248588A10066D7C6 /* Store.swift */; };
		8EBC5802248588A10066D7C6 /* Store.swift in Sources */ = {isa = PBXBuildFile; fileRef = 8EBC57FE248588A10066D7C6 /* Store.swift */; };
		8EC77D822C6CE24A00BED3BF /* SHAHasher.swift in Sources */ = {isa = PBXBuildFile; fileRef = 8EC77D812C6CE24A00BED3BF /* SHAHasher.swift */; };
		8EC77D832C6CE24A00BED3BF /* SHAHasher.swift in Sources */ = {isa = PBXBuildFile; fileRef = 8EC77D812C6CE24A00BED3BF /* SHAHasher.swift */; };
		8EC77D842C6CE24A00BED3BF /* SHAHasher.swift in Sources */ = {isa = PBXBuildFile; fileRef = 8EC77D812C6CE24A00BED3BF /* SHAHasher.swift */; };
		8EC77D852C6CE24A00BED3BF /* SHAHasher.swift in Sources */ = {isa = PBXBuildFile; fileRef = 8EC77D812C6CE24A00BED3BF /* SHAHasher.swift */; };
		8EE96E0824C71F4100D83DF6 /* ReducerTests.swift in Sources */ = {isa = PBXBuildFile; fileRef = 8EE96E0724C71F4100D83DF6 /* ReducerTests.swift */; };
		8EE96E0924C71F4100D83DF6 /* ReducerTests.swift in Sources */ = {isa = PBXBuildFile; fileRef = 8EE96E0724C71F4100D83DF6 /* ReducerTests.swift */; };
		8EE96E0A24C71F4100D83DF6 /* ReducerTests.swift in Sources */ = {isa = PBXBuildFile; fileRef = 8EE96E0724C71F4100D83DF6 /* ReducerTests.swift */; };
		8EE96E0C24C725FF00D83DF6 /* StoreTests.swift in Sources */ = {isa = PBXBuildFile; fileRef = 8EE96E0B24C725FF00D83DF6 /* StoreTests.swift */; };
		8EE96E0D24C725FF00D83DF6 /* StoreTests.swift in Sources */ = {isa = PBXBuildFile; fileRef = 8EE96E0B24C725FF00D83DF6 /* StoreTests.swift */; };
		8EE96E0E24C725FF00D83DF6 /* StoreTests.swift in Sources */ = {isa = PBXBuildFile; fileRef = 8EE96E0B24C725FF00D83DF6 /* StoreTests.swift */; };
		8EF90C1E24D049DD00C0361A /* Store+SwiftUI.swift in Sources */ = {isa = PBXBuildFile; fileRef = 8EF90C1D24D049DD00C0361A /* Store+SwiftUI.swift */; };
		8EF90C1F24D049DD00C0361A /* Store+SwiftUI.swift in Sources */ = {isa = PBXBuildFile; fileRef = 8EF90C1D24D049DD00C0361A /* Store+SwiftUI.swift */; };
		8EF90C2024D049DD00C0361A /* Store+SwiftUI.swift in Sources */ = {isa = PBXBuildFile; fileRef = 8EF90C1D24D049DD00C0361A /* Store+SwiftUI.swift */; };
		8EF90C2124D049DD00C0361A /* Store+SwiftUI.swift in Sources */ = {isa = PBXBuildFile; fileRef = 8EF90C1D24D049DD00C0361A /* Store+SwiftUI.swift */; };
		8EFC4DC6207AADD100630DC4 /* UIColorHexTests.swift in Sources */ = {isa = PBXBuildFile; fileRef = 8EFC4DC5207AADD100630DC4 /* UIColorHexTests.swift */; };
		8EFC4DC8207AADD100630DC4 /* UIColorHexTests.swift in Sources */ = {isa = PBXBuildFile; fileRef = 8EFC4DC5207AADD100630DC4 /* UIColorHexTests.swift */; };
		DD7502881C68FEDE006590AF /* BRToolKit.framework in Frameworks */ = {isa = PBXBuildFile; fileRef = 52D6DA0F1BF000BD002C0205 /* BRToolKit.framework */; };
		DD7502921C690C7A006590AF /* BRToolKit.framework in Frameworks */ = {isa = PBXBuildFile; fileRef = 52D6D9F01BEFFFBE002C0205 /* BRToolKit.framework */; };
/* End PBXBuildFile section */

/* Begin PBXContainerItemProxy section */
		52D6D9881BEFF229002C0205 /* PBXContainerItemProxy */ = {
			isa = PBXContainerItemProxy;
			containerPortal = 52D6D9731BEFF229002C0205 /* Project object */;
			proxyType = 1;
			remoteGlobalIDString = 52D6D97B1BEFF229002C0205;
			remoteInfo = BRToolKit;
		};
		DD7502801C68FCFC006590AF /* PBXContainerItemProxy */ = {
			isa = PBXContainerItemProxy;
			containerPortal = 52D6D9731BEFF229002C0205 /* Project object */;
			proxyType = 1;
			remoteGlobalIDString = 52D6DA0E1BF000BD002C0205;
			remoteInfo = "BRToolKit-macOS";
		};
		DD7502931C690C7A006590AF /* PBXContainerItemProxy */ = {
			isa = PBXContainerItemProxy;
			containerPortal = 52D6D9731BEFF229002C0205 /* Project object */;
			proxyType = 1;
			remoteGlobalIDString = 52D6D9EF1BEFFFBE002C0205;
			remoteInfo = "BRToolKit-tvOS";
		};
/* End PBXContainerItemProxy section */

/* Begin PBXFileReference section */
		52D6D97C1BEFF229002C0205 /* BRToolKit.framework */ = {isa = PBXFileReference; explicitFileType = wrapper.framework; includeInIndex = 0; path = BRToolKit.framework; sourceTree = BUILT_PRODUCTS_DIR; };
		52D6D9861BEFF229002C0205 /* BRToolKit-iOS Tests.xctest */ = {isa = PBXFileReference; explicitFileType = wrapper.cfbundle; includeInIndex = 0; path = "BRToolKit-iOS Tests.xctest"; sourceTree = BUILT_PRODUCTS_DIR; };
		52D6D9E21BEFFF6E002C0205 /* BRToolKit.framework */ = {isa = PBXFileReference; explicitFileType = wrapper.framework; includeInIndex = 0; path = BRToolKit.framework; sourceTree = BUILT_PRODUCTS_DIR; };
		52D6D9F01BEFFFBE002C0205 /* BRToolKit.framework */ = {isa = PBXFileReference; explicitFileType = wrapper.framework; includeInIndex = 0; path = BRToolKit.framework; sourceTree = BUILT_PRODUCTS_DIR; };
		52D6DA0F1BF000BD002C0205 /* BRToolKit.framework */ = {isa = PBXFileReference; explicitFileType = wrapper.framework; includeInIndex = 0; path = BRToolKit.framework; sourceTree = BUILT_PRODUCTS_DIR; };
		8E1042B72663C9F500CBD263 /* Comparable+Clamped.swift */ = {isa = PBXFileReference; lastKnownFileType = sourcecode.swift; path = "Comparable+Clamped.swift"; sourceTree = "<group>"; };
		8E1042BD2663CA5C00CBD263 /* Comparable+ClampedTests.swift */ = {isa = PBXFileReference; lastKnownFileType = sourcecode.swift; path = "Comparable+ClampedTests.swift"; sourceTree = "<group>"; };
		8E21604025C6CF4D00AE2EFA /* AppSetting.swift */ = {isa = PBXFileReference; lastKnownFileType = sourcecode.swift; path = AppSetting.swift; sourceTree = "<group>"; };
		8E21604C25C6F37A00AE2EFA /* AppSettingTests.swift */ = {isa = PBXFileReference; lastKnownFileType = sourcecode.swift; path = AppSettingTests.swift; sourceTree = "<group>"; };
		8E32425620798C2A0037481F /* UIColor+Hex.swift */ = {isa = PBXFileReference; lastKnownFileType = sourcecode.swift; path = "UIColor+Hex.swift"; sourceTree = "<group>"; };
		8E4D456B2095EEA600FBA348 /* UnfairLockTests.swift */ = {isa = PBXFileReference; lastKnownFileType = sourcecode.swift; path = UnfairLockTests.swift; sourceTree = "<group>"; };
		8E4D456F2095F55200FBA348 /* MutexLockTests.swift */ = {isa = PBXFileReference; lastKnownFileType = sourcecode.swift; path = MutexLockTests.swift; sourceTree = "<group>"; };
		8E67ED7B205EA6D500D3A57F /* PropertyObservable.swift */ = {isa = PBXFileReference; lastKnownFileType = sourcecode.swift; path = PropertyObservable.swift; sourceTree = "<group>"; };
		8E67ED81205EA87100D3A57F /* PropertyObservableTests.swift */ = {isa = PBXFileReference; lastKnownFileType = sourcecode.swift; path = PropertyObservableTests.swift; sourceTree = "<group>"; };
		8E801DDF2095159A00E5424A /* UnfairLock.swift */ = {isa = PBXFileReference; lastKnownFileType = sourcecode.swift; path = UnfairLock.swift; sourceTree = "<group>"; };
		8E801DE420951F8100E5424A /* Lockable.swift */ = {isa = PBXFileReference; lastKnownFileType = sourcecode.swift; path = Lockable.swift; sourceTree = "<group>"; };
		8E801DE920951FC400E5424A /* MutexLock.swift */ = {isa = PBXFileReference; lastKnownFileType = sourcecode.swift; path = MutexLock.swift; sourceTree = "<group>"; };
		8E8472E32BE28DBD00F4D90F /* ContinuousObservation.swift */ = {isa = PBXFileReference; lastKnownFileType = sourcecode.swift; path = ContinuousObservation.swift; sourceTree = "<group>"; };
		8EAD8F3F205484EA00E8804F /* AsyncOperation.swift */ = {isa = PBXFileReference; lastKnownFileType = sourcecode.swift; path = AsyncOperation.swift; sourceTree = "<group>"; };
		8EAD8F442054880800E8804F /* OperationGroup.swift */ = {isa = PBXFileReference; lastKnownFileType = sourcecode.swift; path = OperationGroup.swift; sourceTree = "<group>"; };
		8EAD8F492054881700E8804F /* OperationSequence.swift */ = {isa = PBXFileReference; lastKnownFileType = sourcecode.swift; path = OperationSequence.swift; sourceTree = "<group>"; };
		8EAD8F4F20548BAF00E8804F /* AsyncOperationTests.swift */ = {isa = PBXFileReference; lastKnownFileType = sourcecode.swift; path = AsyncOperationTests.swift; sourceTree = "<group>"; };
		8EAD8F5320548C2800E8804F /* OperationGroupTests.swift */ = {isa = PBXFileReference; lastKnownFileType = sourcecode.swift; path = OperationGroupTests.swift; sourceTree = "<group>"; };
		8EAD8F5720548C8400E8804F /* OperationSequenceTests.swift */ = {isa = PBXFileReference; lastKnownFileType = sourcecode.swift; path = OperationSequenceTests.swift; sourceTree = "<group>"; };
		8EB133C424A780780040B269 /* Reducer.swift */ = {isa = PBXFileReference; lastKnownFileType = sourcecode.swift; path = Reducer.swift; sourceTree = "<group>"; };
		8EBC57FE248588A10066D7C6 /* Store.swift */ = {isa = PBXFileReference; lastKnownFileType = sourcecode.swift; path = Store.swift; sourceTree = "<group>"; };
		8EC77D812C6CE24A00BED3BF /* SHAHasher.swift */ = {isa = PBXFileReference; lastKnownFileType = sourcecode.swift; path = SHAHasher.swift; sourceTree = "<group>"; };
		8EE96E0724C71F4100D83DF6 /* ReducerTests.swift */ = {isa = PBXFileReference; lastKnownFileType = sourcecode.swift; path = ReducerTests.swift; sourceTree = "<group>"; };
		8EE96E0B24C725FF00D83DF6 /* StoreTests.swift */ = {isa = PBXFileReference; lastKnownFileType = sourcecode.swift; path = StoreTests.swift; sourceTree = "<group>"; };
		8EF90C1D24D049DD00C0361A /* Store+SwiftUI.swift */ = {isa = PBXFileReference; lastKnownFileType = sourcecode.swift; path = "Store+SwiftUI.swift"; sourceTree = "<group>"; };
		8EFC4DC5207AADD100630DC4 /* UIColorHexTests.swift */ = {isa = PBXFileReference; lastKnownFileType = sourcecode.swift; path = UIColorHexTests.swift; sourceTree = "<group>"; };
		AD2FAA261CD0B6D800659CF4 /* BRToolKit.plist */ = {isa = PBXFileReference; fileEncoding = 4; lastKnownFileType = text.plist.xml; path = BRToolKit.plist; sourceTree = "<group>"; };
		AD2FAA281CD0B6E100659CF4 /* BRToolKitTests.plist */ = {isa = PBXFileReference; fileEncoding = 4; lastKnownFileType = text.plist.xml; path = BRToolKitTests.plist; sourceTree = "<group>"; };
		DD75027A1C68FCFC006590AF /* BRToolKit-macOS Tests.xctest */ = {isa = PBXFileReference; explicitFileType = wrapper.cfbundle; includeInIndex = 0; path = "BRToolKit-macOS Tests.xctest"; sourceTree = BUILT_PRODUCTS_DIR; };
		DD75028D1C690C7A006590AF /* BRToolKit-tvOS Tests.xctest */ = {isa = PBXFileReference; explicitFileType = wrapper.cfbundle; includeInIndex = 0; path = "BRToolKit-tvOS Tests.xctest"; sourceTree = BUILT_PRODUCTS_DIR; };
/* End PBXFileReference section */

/* Begin PBXFrameworksBuildPhase section */
		52D6D9781BEFF229002C0205 /* Frameworks */ = {
			isa = PBXFrameworksBuildPhase;
			buildActionMask = 2147483647;
			files = (
			);
			runOnlyForDeploymentPostprocessing = 0;
		};
		52D6D9831BEFF229002C0205 /* Frameworks */ = {
			isa = PBXFrameworksBuildPhase;
			buildActionMask = 2147483647;
			files = (
				52D6D9871BEFF229002C0205 /* BRToolKit.framework in Frameworks */,
			);
			runOnlyForDeploymentPostprocessing = 0;
		};
		52D6D9DE1BEFFF6E002C0205 /* Frameworks */ = {
			isa = PBXFrameworksBuildPhase;
			buildActionMask = 2147483647;
			files = (
			);
			runOnlyForDeploymentPostprocessing = 0;
		};
		52D6D9EC1BEFFFBE002C0205 /* Frameworks */ = {
			isa = PBXFrameworksBuildPhase;
			buildActionMask = 2147483647;
			files = (
			);
			runOnlyForDeploymentPostprocessing = 0;
		};
		52D6DA0B1BF000BD002C0205 /* Frameworks */ = {
			isa = PBXFrameworksBuildPhase;
			buildActionMask = 2147483647;
			files = (
			);
			runOnlyForDeploymentPostprocessing = 0;
		};
		DD7502771C68FCFC006590AF /* Frameworks */ = {
			isa = PBXFrameworksBuildPhase;
			buildActionMask = 2147483647;
			files = (
				DD7502881C68FEDE006590AF /* BRToolKit.framework in Frameworks */,
			);
			runOnlyForDeploymentPostprocessing = 0;
		};
		DD75028A1C690C7A006590AF /* Frameworks */ = {
			isa = PBXFrameworksBuildPhase;
			buildActionMask = 2147483647;
			files = (
				DD7502921C690C7A006590AF /* BRToolKit.framework in Frameworks */,
			);
			runOnlyForDeploymentPostprocessing = 0;
		};
/* End PBXFrameworksBuildPhase section */

/* Begin PBXGroup section */
		52D6D9721BEFF229002C0205 = {
			isa = PBXGroup;
			children = (
				8933C7811EB5B7E0000D00A4 /* Sources */,
				8933C7831EB5B7EB000D00A4 /* Tests */,
				52D6D99C1BEFF38C002C0205 /* Configs */,
				52D6D97D1BEFF229002C0205 /* Products */,
			);
			sourceTree = "<group>";
		};
		52D6D97D1BEFF229002C0205 /* Products */ = {
			isa = PBXGroup;
			children = (
				52D6D97C1BEFF229002C0205 /* BRToolKit.framework */,
				52D6D9861BEFF229002C0205 /* BRToolKit-iOS Tests.xctest */,
				52D6D9E21BEFFF6E002C0205 /* BRToolKit.framework */,
				52D6D9F01BEFFFBE002C0205 /* BRToolKit.framework */,
				52D6DA0F1BF000BD002C0205 /* BRToolKit.framework */,
				DD75027A1C68FCFC006590AF /* BRToolKit-macOS Tests.xctest */,
				DD75028D1C690C7A006590AF /* BRToolKit-tvOS Tests.xctest */,
			);
			name = Products;
			sourceTree = "<group>";
		};
		52D6D99C1BEFF38C002C0205 /* Configs */ = {
			isa = PBXGroup;
			children = (
				DD7502721C68FC1B006590AF /* Frameworks */,
				DD7502731C68FC20006590AF /* Tests */,
			);
			path = Configs;
			sourceTree = "<group>";
		};
		8933C7811EB5B7E0000D00A4 /* Sources */ = {
			isa = PBXGroup;
			children = (
				8E21603F25C6CF1900AE2EFA /* AppSetting */,
				8E32425520798BF20037481F /* Color */,
				8E8472E22BE28D9200F4D90F /* ContinuousObservation */,
				8EC77D802C6CE22200BED3BF /* Cryptography */,
				8E1042B62663C9BC00CBD263 /* Extensions */,
				8EAD8F3E2054841800E8804F /* Operation */,
				8E67ED7A205EA67900D3A57F /* PropertyObservable */,
				8EBC57FD2485887C0066D7C6 /* State */,
				8E801DDE2095157900E5424A /* Synchronization */,
			);
			path = Sources;
			sourceTree = "<group>";
		};
		8933C7831EB5B7EB000D00A4 /* Tests */ = {
			isa = PBXGroup;
			children = (
				8EFC4DC4207AADAB00630DC4 /* Color */,
				8E1042BC2663CA2E00CBD263 /* Extensions */,
				8EAD8F4E20548B5600E8804F /* Operation */,
				8E67ED80205EA84400D3A57F /* PropertyObservable */,
				8EE96E0624C71F1100D83DF6 /* State */,
				8E4D456A2095EE7200FBA348 /* Synchronization */,
			);
			name = Tests;
			path = Tests/BRToolKitTests;
			sourceTree = "<group>";
		};
		8E1042B62663C9BC00CBD263 /* Extensions */ = {
			isa = PBXGroup;
			children = (
				8E1042B72663C9F500CBD263 /* Comparable+Clamped.swift */,
			);
			path = Extensions;
			sourceTree = "<group>";
		};
		8E1042BC2663CA2E00CBD263 /* Extensions */ = {
			isa = PBXGroup;
			children = (
				8E1042BD2663CA5C00CBD263 /* Comparable+ClampedTests.swift */,
			);
			path = Extensions;
			sourceTree = "<group>";
		};
		8E21603F25C6CF1900AE2EFA /* AppSetting */ = {
			isa = PBXGroup;
			children = (
				8E21604025C6CF4D00AE2EFA /* AppSetting.swift */,
				8E21604C25C6F37A00AE2EFA /* AppSettingTests.swift */,
			);
			path = AppSetting;
			sourceTree = "<group>";
		};
		8E32425520798BF20037481F /* Color */ = {
			isa = PBXGroup;
			children = (
				8E32425620798C2A0037481F /* UIColor+Hex.swift */,
			);
			path = Color;
			sourceTree = "<group>";
		};
		8E4D456A2095EE7200FBA348 /* Synchronization */ = {
			isa = PBXGroup;
			children = (
				8E4D456B2095EEA600FBA348 /* UnfairLockTests.swift */,
				8E4D456F2095F55200FBA348 /* MutexLockTests.swift */,
			);
			path = Synchronization;
			sourceTree = "<group>";
		};
		8E67ED7A205EA67900D3A57F /* PropertyObservable */ = {
			isa = PBXGroup;
			children = (
				8E67ED7B205EA6D500D3A57F /* PropertyObservable.swift */,
			);
			path = PropertyObservable;
			sourceTree = "<group>";
		};
		8E67ED80205EA84400D3A57F /* PropertyObservable */ = {
			isa = PBXGroup;
			children = (
				8E67ED81205EA87100D3A57F /* PropertyObservableTests.swift */,
			);
			path = PropertyObservable;
			sourceTree = "<group>";
		};
		8E801DDE2095157900E5424A /* Synchronization */ = {
			isa = PBXGroup;
			children = (
				8E801DE420951F8100E5424A /* Lockable.swift */,
				8E801DE920951FC400E5424A /* MutexLock.swift */,
				8E801DDF2095159A00E5424A /* UnfairLock.swift */,
			);
			path = Synchronization;
			sourceTree = "<group>";
		};
		8E8472E22BE28D9200F4D90F /* ContinuousObservation */ = {
			isa = PBXGroup;
			children = (
				8E8472E32BE28DBD00F4D90F /* ContinuousObservation.swift */,
			);
			path = ContinuousObservation;
			sourceTree = "<group>";
		};
		8EAD8F3E2054841800E8804F /* Operation */ = {
			isa = PBXGroup;
			children = (
				8EAD8F3F205484EA00E8804F /* AsyncOperation.swift */,
				8EAD8F442054880800E8804F /* OperationGroup.swift */,
				8EAD8F492054881700E8804F /* OperationSequence.swift */,
			);
			path = Operation;
			sourceTree = "<group>";
		};
		8EAD8F4E20548B5600E8804F /* Operation */ = {
			isa = PBXGroup;
			children = (
				8EAD8F4F20548BAF00E8804F /* AsyncOperationTests.swift */,
				8EAD8F5320548C2800E8804F /* OperationGroupTests.swift */,
				8EAD8F5720548C8400E8804F /* OperationSequenceTests.swift */,
			);
			path = Operation;
			sourceTree = "<group>";
		};
		8EBC57FD2485887C0066D7C6 /* State */ = {
			isa = PBXGroup;
			children = (
				8EB133C424A780780040B269 /* Reducer.swift */,
				8EBC57FE248588A10066D7C6 /* Store.swift */,
				8EF90C1D24D049DD00C0361A /* Store+SwiftUI.swift */,
			);
			path = State;
			sourceTree = "<group>";
		};
		8EC77D802C6CE22200BED3BF /* Cryptography */ = {
			isa = PBXGroup;
			children = (
				8EC77D812C6CE24A00BED3BF /* SHAHasher.swift */,
			);
			path = Cryptography;
			sourceTree = "<group>";
		};
		8EE96E0624C71F1100D83DF6 /* State */ = {
			isa = PBXGroup;
			children = (
				8EE96E0724C71F4100D83DF6 /* ReducerTests.swift */,
				8EE96E0B24C725FF00D83DF6 /* StoreTests.swift */,
			);
			path = State;
			sourceTree = "<group>";
		};
		8EFC4DC4207AADAB00630DC4 /* Color */ = {
			isa = PBXGroup;
			children = (
				8EFC4DC5207AADD100630DC4 /* UIColorHexTests.swift */,
			);
			path = Color;
			sourceTree = "<group>";
		};
		DD7502721C68FC1B006590AF /* Frameworks */ = {
			isa = PBXGroup;
			children = (
				AD2FAA261CD0B6D800659CF4 /* BRToolKit.plist */,
			);
			name = Frameworks;
			sourceTree = "<group>";
		};
		DD7502731C68FC20006590AF /* Tests */ = {
			isa = PBXGroup;
			children = (
				AD2FAA281CD0B6E100659CF4 /* BRToolKitTests.plist */,
			);
			name = Tests;
			sourceTree = "<group>";
		};
/* End PBXGroup section */

/* Begin PBXHeadersBuildPhase section */
		52D6D9791BEFF229002C0205 /* Headers */ = {
			isa = PBXHeadersBuildPhase;
			buildActionMask = 2147483647;
			files = (
			);
			runOnlyForDeploymentPostprocessing = 0;
		};
		52D6D9DF1BEFFF6E002C0205 /* Headers */ = {
			isa = PBXHeadersBuildPhase;
			buildActionMask = 2147483647;
			files = (
			);
			runOnlyForDeploymentPostprocessing = 0;
		};
		52D6D9ED1BEFFFBE002C0205 /* Headers */ = {
			isa = PBXHeadersBuildPhase;
			buildActionMask = 2147483647;
			files = (
			);
			runOnlyForDeploymentPostprocessing = 0;
		};
		52D6DA0C1BF000BD002C0205 /* Headers */ = {
			isa = PBXHeadersBuildPhase;
			buildActionMask = 2147483647;
			files = (
			);
			runOnlyForDeploymentPostprocessing = 0;
		};
/* End PBXHeadersBuildPhase section */

/* Begin PBXNativeTarget section */
		52D6D97B1BEFF229002C0205 /* BRToolKit-iOS */ = {
			isa = PBXNativeTarget;
			buildConfigurationList = 52D6D9901BEFF229002C0205 /* Build configuration list for PBXNativeTarget "BRToolKit-iOS" */;
			buildPhases = (
				52D6D9771BEFF229002C0205 /* Sources */,
				52D6D9781BEFF229002C0205 /* Frameworks */,
				52D6D9791BEFF229002C0205 /* Headers */,
				52D6D97A1BEFF229002C0205 /* Resources */,
			);
			buildRules = (
			);
			dependencies = (
			);
			name = "BRToolKit-iOS";
			productName = BRToolKit;
			productReference = 52D6D97C1BEFF229002C0205 /* BRToolKit.framework */;
			productType = "com.apple.product-type.framework";
		};
		52D6D9851BEFF229002C0205 /* BRToolKit-iOS Tests */ = {
			isa = PBXNativeTarget;
			buildConfigurationList = 52D6D9931BEFF229002C0205 /* Build configuration list for PBXNativeTarget "BRToolKit-iOS Tests" */;
			buildPhases = (
				52D6D9821BEFF229002C0205 /* Sources */,
				52D6D9831BEFF229002C0205 /* Frameworks */,
				52D6D9841BEFF229002C0205 /* Resources */,
			);
			buildRules = (
			);
			dependencies = (
				52D6D9891BEFF229002C0205 /* PBXTargetDependency */,
			);
			name = "BRToolKit-iOS Tests";
			productName = BRToolKitTests;
			productReference = 52D6D9861BEFF229002C0205 /* BRToolKit-iOS Tests.xctest */;
			productType = "com.apple.product-type.bundle.unit-test";
		};
		52D6D9E11BEFFF6E002C0205 /* BRToolKit-watchOS */ = {
			isa = PBXNativeTarget;
			buildConfigurationList = 52D6D9E71BEFFF6E002C0205 /* Build configuration list for PBXNativeTarget "BRToolKit-watchOS" */;
			buildPhases = (
				52D6D9DD1BEFFF6E002C0205 /* Sources */,
				52D6D9DE1BEFFF6E002C0205 /* Frameworks */,
				52D6D9DF1BEFFF6E002C0205 /* Headers */,
				52D6D9E01BEFFF6E002C0205 /* Resources */,
			);
			buildRules = (
			);
			dependencies = (
			);
			name = "BRToolKit-watchOS";
			productName = "BRToolKit-watchOS";
			productReference = 52D6D9E21BEFFF6E002C0205 /* BRToolKit.framework */;
			productType = "com.apple.product-type.framework";
		};
		52D6D9EF1BEFFFBE002C0205 /* BRToolKit-tvOS */ = {
			isa = PBXNativeTarget;
			buildConfigurationList = 52D6DA011BEFFFBE002C0205 /* Build configuration list for PBXNativeTarget "BRToolKit-tvOS" */;
			buildPhases = (
				52D6D9EB1BEFFFBE002C0205 /* Sources */,
				52D6D9EC1BEFFFBE002C0205 /* Frameworks */,
				52D6D9ED1BEFFFBE002C0205 /* Headers */,
				52D6D9EE1BEFFFBE002C0205 /* Resources */,
			);
			buildRules = (
			);
			dependencies = (
			);
			name = "BRToolKit-tvOS";
			productName = "BRToolKit-tvOS";
			productReference = 52D6D9F01BEFFFBE002C0205 /* BRToolKit.framework */;
			productType = "com.apple.product-type.framework";
		};
		52D6DA0E1BF000BD002C0205 /* BRToolKit-macOS */ = {
			isa = PBXNativeTarget;
			buildConfigurationList = 52D6DA201BF000BD002C0205 /* Build configuration list for PBXNativeTarget "BRToolKit-macOS" */;
			buildPhases = (
				52D6DA0A1BF000BD002C0205 /* Sources */,
				52D6DA0B1BF000BD002C0205 /* Frameworks */,
				52D6DA0C1BF000BD002C0205 /* Headers */,
				52D6DA0D1BF000BD002C0205 /* Resources */,
			);
			buildRules = (
			);
			dependencies = (
			);
			name = "BRToolKit-macOS";
			productName = "BRToolKit-macOS";
			productReference = 52D6DA0F1BF000BD002C0205 /* BRToolKit.framework */;
			productType = "com.apple.product-type.framework";
		};
		DD7502791C68FCFC006590AF /* BRToolKit-macOS Tests */ = {
			isa = PBXNativeTarget;
			buildConfigurationList = DD7502821C68FCFC006590AF /* Build configuration list for PBXNativeTarget "BRToolKit-macOS Tests" */;
			buildPhases = (
				DD7502761C68FCFC006590AF /* Sources */,
				DD7502771C68FCFC006590AF /* Frameworks */,
				DD7502781C68FCFC006590AF /* Resources */,
			);
			buildRules = (
			);
			dependencies = (
				DD7502811C68FCFC006590AF /* PBXTargetDependency */,
			);
			name = "BRToolKit-macOS Tests";
			productName = "BRToolKit-OS Tests";
			productReference = DD75027A1C68FCFC006590AF /* BRToolKit-macOS Tests.xctest */;
			productType = "com.apple.product-type.bundle.unit-test";
		};
		DD75028C1C690C7A006590AF /* BRToolKit-tvOS Tests */ = {
			isa = PBXNativeTarget;
			buildConfigurationList = DD7502951C690C7A006590AF /* Build configuration list for PBXNativeTarget "BRToolKit-tvOS Tests" */;
			buildPhases = (
				DD7502891C690C7A006590AF /* Sources */,
				DD75028A1C690C7A006590AF /* Frameworks */,
				DD75028B1C690C7A006590AF /* Resources */,
			);
			buildRules = (
			);
			dependencies = (
				DD7502941C690C7A006590AF /* PBXTargetDependency */,
			);
			name = "BRToolKit-tvOS Tests";
			productName = "BRToolKit-tvOS Tests";
			productReference = DD75028D1C690C7A006590AF /* BRToolKit-tvOS Tests.xctest */;
			productType = "com.apple.product-type.bundle.unit-test";
		};
/* End PBXNativeTarget section */

/* Begin PBXProject section */
		52D6D9731BEFF229002C0205 /* Project object */ = {
			isa = PBXProject;
			attributes = {
				BuildIndependentTargetsInParallel = YES;
				LastSwiftUpdateCheck = 0720;
				LastUpgradeCheck = 1540;
				ORGANIZATIONNAME = BRToolKit;
				TargetAttributes = {
					52D6D97B1BEFF229002C0205 = {
						CreatedOnToolsVersion = 7.1;
						LastSwiftMigration = 1150;
					};
					52D6D9851BEFF229002C0205 = {
						CreatedOnToolsVersion = 7.1;
						LastSwiftMigration = 1150;
					};
					52D6D9E11BEFFF6E002C0205 = {
						CreatedOnToolsVersion = 7.1;
						LastSwiftMigration = 0920;
					};
					52D6D9EF1BEFFFBE002C0205 = {
						CreatedOnToolsVersion = 7.1;
						LastSwiftMigration = 0920;
					};
					52D6DA0E1BF000BD002C0205 = {
						CreatedOnToolsVersion = 7.1;
						LastSwiftMigration = 0920;
					};
					DD7502791C68FCFC006590AF = {
						CreatedOnToolsVersion = 7.2.1;
						LastSwiftMigration = 0800;
					};
					DD75028C1C690C7A006590AF = {
						CreatedOnToolsVersion = 7.2.1;
						LastSwiftMigration = 0800;
					};
				};
			};
			buildConfigurationList = 52D6D9761BEFF229002C0205 /* Build configuration list for PBXProject "BRToolKit" */;
			compatibilityVersion = "Xcode 6.3";
			developmentRegion = en;
			hasScannedForEncodings = 0;
			knownRegions = (
				en,
				Base,
			);
			mainGroup = 52D6D9721BEFF229002C0205;
			productRefGroup = 52D6D97D1BEFF229002C0205 /* Products */;
			projectDirPath = "";
			projectRoot = "";
			targets = (
				52D6D97B1BEFF229002C0205 /* BRToolKit-iOS */,
				52D6DA0E1BF000BD002C0205 /* BRToolKit-macOS */,
				52D6D9E11BEFFF6E002C0205 /* BRToolKit-watchOS */,
				52D6D9EF1BEFFFBE002C0205 /* BRToolKit-tvOS */,
				52D6D9851BEFF229002C0205 /* BRToolKit-iOS Tests */,
				DD7502791C68FCFC006590AF /* BRToolKit-macOS Tests */,
				DD75028C1C690C7A006590AF /* BRToolKit-tvOS Tests */,
			);
		};
/* End PBXProject section */

/* Begin PBXResourcesBuildPhase section */
		52D6D97A1BEFF229002C0205 /* Resources */ = {
			isa = PBXResourcesBuildPhase;
			buildActionMask = 2147483647;
			files = (
			);
			runOnlyForDeploymentPostprocessing = 0;
		};
		52D6D9841BEFF229002C0205 /* Resources */ = {
			isa = PBXResourcesBuildPhase;
			buildActionMask = 2147483647;
			files = (
			);
			runOnlyForDeploymentPostprocessing = 0;
		};
		52D6D9E01BEFFF6E002C0205 /* Resources */ = {
			isa = PBXResourcesBuildPhase;
			buildActionMask = 2147483647;
			files = (
			);
			runOnlyForDeploymentPostprocessing = 0;
		};
		52D6D9EE1BEFFFBE002C0205 /* Resources */ = {
			isa = PBXResourcesBuildPhase;
			buildActionMask = 2147483647;
			files = (
			);
			runOnlyForDeploymentPostprocessing = 0;
		};
		52D6DA0D1BF000BD002C0205 /* Resources */ = {
			isa = PBXResourcesBuildPhase;
			buildActionMask = 2147483647;
			files = (
			);
			runOnlyForDeploymentPostprocessing = 0;
		};
		DD7502781C68FCFC006590AF /* Resources */ = {
			isa = PBXResourcesBuildPhase;
			buildActionMask = 2147483647;
			files = (
			);
			runOnlyForDeploymentPostprocessing = 0;
		};
		DD75028B1C690C7A006590AF /* Resources */ = {
			isa = PBXResourcesBuildPhase;
			buildActionMask = 2147483647;
			files = (
			);
			runOnlyForDeploymentPostprocessing = 0;
		};
/* End PBXResourcesBuildPhase section */

/* Begin PBXSourcesBuildPhase section */
		52D6D9771BEFF229002C0205 /* Sources */ = {
			isa = PBXSourcesBuildPhase;
			buildActionMask = 2147483647;
			files = (
				8EAD8F4A2054881700E8804F /* OperationSequence.swift in Sources */,
				8E8472E42BE28DBD00F4D90F /* ContinuousObservation.swift in Sources */,
				8E67ED7C205EA6D500D3A57F /* PropertyObservable.swift in Sources */,
				8E1042B82663C9F500CBD263 /* Comparable+Clamped.swift in Sources */,
				8E21604125C6CF4D00AE2EFA /* AppSetting.swift in Sources */,
				8EAD8F40205484EA00E8804F /* AsyncOperation.swift in Sources */,
				8EF90C1E24D049DD00C0361A /* Store+SwiftUI.swift in Sources */,
				8E801DE02095159A00E5424A /* UnfairLock.swift in Sources */,
				8EBC57FF248588A10066D7C6 /* Store.swift in Sources */,
				8EAD8F452054880800E8804F /* OperationGroup.swift in Sources */,
				8E801DE520951F8100E5424A /* Lockable.swift in Sources */,
				8EC77D822C6CE24A00BED3BF /* SHAHasher.swift in Sources */,
				8E801DEA20951FC400E5424A /* MutexLock.swift in Sources */,
				8EB133C524A780780040B269 /* Reducer.swift in Sources */,
				8E32425720798C2A0037481F /* UIColor+Hex.swift in Sources */,
			);
			runOnlyForDeploymentPostprocessing = 0;
		};
		52D6D9821BEFF229002C0205 /* Sources */ = {
			isa = PBXSourcesBuildPhase;
			buildActionMask = 2147483647;
			files = (
				8EAD8F5820548C8400E8804F /* OperationSequenceTests.swift in Sources */,
				8E4D456C2095EEA600FBA348 /* UnfairLockTests.swift in Sources */,
				8E21604D25C6F37A00AE2EFA /* AppSettingTests.swift in Sources */,
				8EE96E0824C71F4100D83DF6 /* ReducerTests.swift in Sources */,
				8E4D45702095F55200FBA348 /* MutexLockTests.swift in Sources */,
				8E67ED86205EA8A300D3A57F /* PropertyObservableTests.swift in Sources */,
				8EFC4DC6207AADD100630DC4 /* UIColorHexTests.swift in Sources */,
				8E1042BE2663CA5C00CBD263 /* Comparable+ClampedTests.swift in Sources */,
				8EAD8F5420548C2800E8804F /* OperationGroupTests.swift in Sources */,
				8EAD8F5020548BAF00E8804F /* AsyncOperationTests.swift in Sources */,
				8EE96E0C24C725FF00D83DF6 /* StoreTests.swift in Sources */,
			);
			runOnlyForDeploymentPostprocessing = 0;
		};
		52D6D9DD1BEFFF6E002C0205 /* Sources */ = {
			isa = PBXSourcesBuildPhase;
			buildActionMask = 2147483647;
			files = (
				8EAD8F4C2054881700E8804F /* OperationSequence.swift in Sources */,
				8E8472E62BE28DBD00F4D90F /* ContinuousObservation.swift in Sources */,
				8E67ED7E205EA6D500D3A57F /* PropertyObservable.swift in Sources */,
				8E1042BA2663C9F500CBD263 /* Comparable+Clamped.swift in Sources */,
				8E21604325C6CF4D00AE2EFA /* AppSetting.swift in Sources */,
				8EAD8F42205484EA00E8804F /* AsyncOperation.swift in Sources */,
				8EF90C2024D049DD00C0361A /* Store+SwiftUI.swift in Sources */,
				8E801DE22095159A00E5424A /* UnfairLock.swift in Sources */,
				8EBC5801248588A10066D7C6 /* Store.swift in Sources */,
				8EAD8F472054880800E8804F /* OperationGroup.swift in Sources */,
				8E801DE720951F8100E5424A /* Lockable.swift in Sources */,
				8EC77D842C6CE24A00BED3BF /* SHAHasher.swift in Sources */,
				8E801DEC20951FC400E5424A /* MutexLock.swift in Sources */,
				8EB133C724A780780040B269 /* Reducer.swift in Sources */,
				8E32425920798C2A0037481F /* UIColor+Hex.swift in Sources */,
			);
			runOnlyForDeploymentPostprocessing = 0;
		};
		52D6D9EB1BEFFFBE002C0205 /* Sources */ = {
			isa = PBXSourcesBuildPhase;
			buildActionMask = 2147483647;
			files = (
				8EAD8F4D2054881700E8804F /* OperationSequence.swift in Sources */,
				8E8472E72BE28DBD00F4D90F /* ContinuousObservation.swift in Sources */,
				8E67ED7F205EA6D500D3A57F /* PropertyObservable.swift in Sources */,
				8E1042BB2663C9F500CBD263 /* Comparable+Clamped.swift in Sources */,
				8E21604425C6CF4D00AE2EFA /* AppSetting.swift in Sources */,
				8EAD8F43205484EA00E8804F /* AsyncOperation.swift in Sources */,
				8EF90C2124D049DD00C0361A /* Store+SwiftUI.swift in Sources */,
				8E801DE32095159A00E5424A /* UnfairLock.swift in Sources */,
				8EBC5802248588A10066D7C6 /* Store.swift in Sources */,
				8EAD8F482054880800E8804F /* OperationGroup.swift in Sources */,
				8E801DE820951F8100E5424A /* Lockable.swift in Sources */,
				8EC77D852C6CE24A00BED3BF /* SHAHasher.swift in Sources */,
				8E801DED20951FC400E5424A /* MutexLock.swift in Sources */,
				8EB133C824A780780040B269 /* Reducer.swift in Sources */,
				8E32425A20798C2A0037481F /* UIColor+Hex.swift in Sources */,
			);
			runOnlyForDeploymentPostprocessing = 0;
		};
		52D6DA0A1BF000BD002C0205 /* Sources */ = {
			isa = PBXSourcesBuildPhase;
			buildActionMask = 2147483647;
			files = (
				8EAD8F4B2054881700E8804F /* OperationSequence.swift in Sources */,
				8E8472E52BE28DBD00F4D90F /* ContinuousObservation.swift in Sources */,
				8E67ED7D205EA6D500D3A57F /* PropertyObservable.swift in Sources */,
				8E1042B92663C9F500CBD263 /* Comparable+Clamped.swift in Sources */,
				8E21604225C6CF4D00AE2EFA /* AppSetting.swift in Sources */,
				8EAD8F41205484EA00E8804F /* AsyncOperation.swift in Sources */,
				8EF90C1F24D049DD00C0361A /* Store+SwiftUI.swift in Sources */,
				8E801DE12095159A00E5424A /* UnfairLock.swift in Sources */,
				8EBC5800248588A10066D7C6 /* Store.swift in Sources */,
				8EAD8F462054880800E8804F /* OperationGroup.swift in Sources */,
				8E801DE620951F8100E5424A /* Lockable.swift in Sources */,
				8EC77D832C6CE24A00BED3BF /* SHAHasher.swift in Sources */,
				8E801DEB20951FC400E5424A /* MutexLock.swift in Sources */,
				8EB133C624A780780040B269 /* Reducer.swift in Sources */,
				8E32425820798C2A0037481F /* UIColor+Hex.swift in Sources */,
			);
			runOnlyForDeploymentPostprocessing = 0;
		};
		DD7502761C68FCFC006590AF /* Sources */ = {
			isa = PBXSourcesBuildPhase;
			buildActionMask = 2147483647;
			files = (
				8EAD8F5920548C8400E8804F /* OperationSequenceTests.swift in Sources */,
				8E4D456D2095EEA600FBA348 /* UnfairLockTests.swift in Sources */,
				8EE96E0924C71F4100D83DF6 /* ReducerTests.swift in Sources */,
				8E21604E25C6F37A00AE2EFA /* AppSettingTests.swift in Sources */,
				8EE96E0D24C725FF00D83DF6 /* StoreTests.swift in Sources */,
				8E4D45712095F55200FBA348 /* MutexLockTests.swift in Sources */,
				8E67ED87205EA8A300D3A57F /* PropertyObservableTests.swift in Sources */,
				8EAD8F5520548C2800E8804F /* OperationGroupTests.swift in Sources */,
				8EAD8F5120548BAF00E8804F /* AsyncOperationTests.swift in Sources */,
				8E1042BF2663CA5C00CBD263 /* Comparable+ClampedTests.swift in Sources */,
			);
			runOnlyForDeploymentPostprocessing = 0;
		};
		DD7502891C690C7A006590AF /* Sources */ = {
			isa = PBXSourcesBuildPhase;
			buildActionMask = 2147483647;
			files = (
				8EAD8F5A20548C8400E8804F /* OperationSequenceTests.swift in Sources */,
				8E4D456E2095EEA600FBA348 /* UnfairLockTests.swift in Sources */,
				8E21604F25C6F37A00AE2EFA /* AppSettingTests.swift in Sources */,
				8EE96E0A24C71F4100D83DF6 /* ReducerTests.swift in Sources */,
				8E4D45722095F55200FBA348 /* MutexLockTests.swift in Sources */,
				8E67ED88205EA8A400D3A57F /* PropertyObservableTests.swift in Sources */,
				8EFC4DC8207AADD100630DC4 /* UIColorHexTests.swift in Sources */,
				8E1042C02663CA5C00CBD263 /* Comparable+ClampedTests.swift in Sources */,
				8EAD8F5620548C2800E8804F /* OperationGroupTests.swift in Sources */,
				8EAD8F5220548BAF00E8804F /* AsyncOperationTests.swift in Sources */,
				8EE96E0E24C725FF00D83DF6 /* StoreTests.swift in Sources */,
			);
			runOnlyForDeploymentPostprocessing = 0;
		};
/* End PBXSourcesBuildPhase section */

/* Begin PBXTargetDependency section */
		52D6D9891BEFF229002C0205 /* PBXTargetDependency */ = {
			isa = PBXTargetDependency;
			target = 52D6D97B1BEFF229002C0205 /* BRToolKit-iOS */;
			targetProxy = 52D6D9881BEFF229002C0205 /* PBXContainerItemProxy */;
		};
		DD7502811C68FCFC006590AF /* PBXTargetDependency */ = {
			isa = PBXTargetDependency;
			target = 52D6DA0E1BF000BD002C0205 /* BRToolKit-macOS */;
			targetProxy = DD7502801C68FCFC006590AF /* PBXContainerItemProxy */;
		};
		DD7502941C690C7A006590AF /* PBXTargetDependency */ = {
			isa = PBXTargetDependency;
			target = 52D6D9EF1BEFFFBE002C0205 /* BRToolKit-tvOS */;
			targetProxy = DD7502931C690C7A006590AF /* PBXContainerItemProxy */;
		};
/* End PBXTargetDependency section */

/* Begin XCBuildConfiguration section */
		52D6D98E1BEFF229002C0205 /* Debug */ = {
			isa = XCBuildConfiguration;
			buildSettings = {
				ALWAYS_SEARCH_USER_PATHS = NO;
				ASSETCATALOG_COMPILER_GENERATE_SWIFT_ASSET_SYMBOL_EXTENSIONS = YES;
				CLANG_ANALYZER_LOCALIZABILITY_NONLOCALIZED = YES;
				CLANG_CXX_LANGUAGE_STANDARD = "gnu++0x";
				CLANG_CXX_LIBRARY = "libc++";
				CLANG_ENABLE_MODULES = YES;
				CLANG_ENABLE_OBJC_ARC = YES;
				CLANG_WARN_BLOCK_CAPTURE_AUTORELEASING = YES;
				CLANG_WARN_BOOL_CONVERSION = YES;
				CLANG_WARN_COMMA = YES;
				CLANG_WARN_CONSTANT_CONVERSION = YES;
				CLANG_WARN_DEPRECATED_OBJC_IMPLEMENTATIONS = YES;
				CLANG_WARN_DIRECT_OBJC_ISA_USAGE = YES_ERROR;
				CLANG_WARN_EMPTY_BODY = YES;
				CLANG_WARN_ENUM_CONVERSION = YES;
				CLANG_WARN_INFINITE_RECURSION = YES;
				CLANG_WARN_INT_CONVERSION = YES;
				CLANG_WARN_NON_LITERAL_NULL_CONVERSION = YES;
				CLANG_WARN_OBJC_IMPLICIT_RETAIN_SELF = YES;
				CLANG_WARN_OBJC_LITERAL_CONVERSION = YES;
				CLANG_WARN_OBJC_ROOT_CLASS = YES_ERROR;
				CLANG_WARN_QUOTED_INCLUDE_IN_FRAMEWORK_HEADER = YES;
				CLANG_WARN_RANGE_LOOP_ANALYSIS = YES;
				CLANG_WARN_STRICT_PROTOTYPES = YES;
				CLANG_WARN_SUSPICIOUS_MOVE = YES;
				CLANG_WARN_UNREACHABLE_CODE = YES;
				CLANG_WARN__DUPLICATE_METHOD_MATCH = YES;
				"CODE_SIGN_IDENTITY[sdk=iphoneos*]" = "iPhone Developer";
				COPY_PHASE_STRIP = NO;
				CURRENT_PROJECT_VERSION = 1;
				DEBUG_INFORMATION_FORMAT = dwarf;
				ENABLE_STRICT_OBJC_MSGSEND = YES;
				ENABLE_TESTABILITY = YES;
				ENABLE_USER_SCRIPT_SANDBOXING = YES;
				GCC_C_LANGUAGE_STANDARD = gnu99;
				GCC_DYNAMIC_NO_PIC = NO;
				GCC_NO_COMMON_BLOCKS = YES;
				GCC_OPTIMIZATION_LEVEL = 0;
				GCC_PREPROCESSOR_DEFINITIONS = (
					"DEBUG=1",
					"$(inherited)",
				);
				GCC_WARN_64_TO_32_BIT_CONVERSION = YES;
				GCC_WARN_ABOUT_RETURN_TYPE = YES_ERROR;
				GCC_WARN_UNDECLARED_SELECTOR = YES;
				GCC_WARN_UNINITIALIZED_AUTOS = YES_AGGRESSIVE;
				GCC_WARN_UNUSED_FUNCTION = YES;
				GCC_WARN_UNUSED_VARIABLE = YES;
				IPHONEOS_DEPLOYMENT_TARGET = 13.6;
				MACOSX_DEPLOYMENT_TARGET = 10.15;
				MTL_ENABLE_DEBUG_INFO = YES;
				ONLY_ACTIVE_ARCH = YES;
				SDKROOT = iphoneos;
				SWIFT_OPTIMIZATION_LEVEL = "-Onone";
				SWIFT_VERSION = 5.0;
				TARGETED_DEVICE_FAMILY = "1,2";
				TVOS_DEPLOYMENT_TARGET = 13.4;
				VERSIONING_SYSTEM = "apple-generic";
				VERSION_INFO_PREFIX = "";
				WATCHOS_DEPLOYMENT_TARGET = 6.2;
			};
			name = Debug;
		};
		52D6D98F1BEFF229002C0205 /* Release */ = {
			isa = XCBuildConfiguration;
			buildSettings = {
				ALWAYS_SEARCH_USER_PATHS = NO;
				ASSETCATALOG_COMPILER_GENERATE_SWIFT_ASSET_SYMBOL_EXTENSIONS = YES;
				CLANG_ANALYZER_LOCALIZABILITY_NONLOCALIZED = YES;
				CLANG_CXX_LANGUAGE_STANDARD = "gnu++0x";
				CLANG_CXX_LIBRARY = "libc++";
				CLANG_ENABLE_MODULES = YES;
				CLANG_ENABLE_OBJC_ARC = YES;
				CLANG_WARN_BLOCK_CAPTURE_AUTORELEASING = YES;
				CLANG_WARN_BOOL_CONVERSION = YES;
				CLANG_WARN_COMMA = YES;
				CLANG_WARN_CONSTANT_CONVERSION = YES;
				CLANG_WARN_DEPRECATED_OBJC_IMPLEMENTATIONS = YES;
				CLANG_WARN_DIRECT_OBJC_ISA_USAGE = YES_ERROR;
				CLANG_WARN_EMPTY_BODY = YES;
				CLANG_WARN_ENUM_CONVERSION = YES;
				CLANG_WARN_INFINITE_RECURSION = YES;
				CLANG_WARN_INT_CONVERSION = YES;
				CLANG_WARN_NON_LITERAL_NULL_CONVERSION = YES;
				CLANG_WARN_OBJC_IMPLICIT_RETAIN_SELF = YES;
				CLANG_WARN_OBJC_LITERAL_CONVERSION = YES;
				CLANG_WARN_OBJC_ROOT_CLASS = YES_ERROR;
				CLANG_WARN_QUOTED_INCLUDE_IN_FRAMEWORK_HEADER = YES;
				CLANG_WARN_RANGE_LOOP_ANALYSIS = YES;
				CLANG_WARN_STRICT_PROTOTYPES = YES;
				CLANG_WARN_SUSPICIOUS_MOVE = YES;
				CLANG_WARN_UNREACHABLE_CODE = YES;
				CLANG_WARN__DUPLICATE_METHOD_MATCH = YES;
				"CODE_SIGN_IDENTITY[sdk=iphoneos*]" = "iPhone Developer";
				COPY_PHASE_STRIP = NO;
				CURRENT_PROJECT_VERSION = 1;
				DEBUG_INFORMATION_FORMAT = "dwarf-with-dsym";
				ENABLE_NS_ASSERTIONS = NO;
				ENABLE_STRICT_OBJC_MSGSEND = YES;
				ENABLE_USER_SCRIPT_SANDBOXING = YES;
				GCC_C_LANGUAGE_STANDARD = gnu99;
				GCC_NO_COMMON_BLOCKS = YES;
				GCC_WARN_64_TO_32_BIT_CONVERSION = YES;
				GCC_WARN_ABOUT_RETURN_TYPE = YES_ERROR;
				GCC_WARN_UNDECLARED_SELECTOR = YES;
				GCC_WARN_UNINITIALIZED_AUTOS = YES_AGGRESSIVE;
				GCC_WARN_UNUSED_FUNCTION = YES;
				GCC_WARN_UNUSED_VARIABLE = YES;
				IPHONEOS_DEPLOYMENT_TARGET = 13.6;
				MACOSX_DEPLOYMENT_TARGET = 10.15;
				MTL_ENABLE_DEBUG_INFO = NO;
				SDKROOT = iphoneos;
				SWIFT_VERSION = 5.0;
				TARGETED_DEVICE_FAMILY = "1,2";
				TVOS_DEPLOYMENT_TARGET = 13.4;
				VALIDATE_PRODUCT = YES;
				VERSIONING_SYSTEM = "apple-generic";
				VERSION_INFO_PREFIX = "";
				WATCHOS_DEPLOYMENT_TARGET = 6.2;
			};
			name = Release;
		};
		52D6D9911BEFF229002C0205 /* Debug */ = {
			isa = XCBuildConfiguration;
			buildSettings = {
				APPLICATION_EXTENSION_API_ONLY = YES;
				CLANG_ENABLE_MODULES = YES;
				CODE_SIGN_IDENTITY = "";
				DEFINES_MODULE = YES;
				DYLIB_COMPATIBILITY_VERSION = 1;
				DYLIB_CURRENT_VERSION = 1;
				DYLIB_INSTALL_NAME_BASE = "@rpath";
				ENABLE_MODULE_VERIFIER = YES;
				INFOPLIST_FILE = Configs/BRToolKit.plist;
				INSTALL_PATH = "$(LOCAL_LIBRARY_DIR)/Frameworks";
				LD_RUNPATH_SEARCH_PATHS = (
					"$(inherited)",
					"@executable_path/Frameworks",
					"@loader_path/Frameworks",
				);
				MACOSX_DEPLOYMENT_TARGET = "$(RECOMMENDED_MACOSX_DEPLOYMENT_TARGET)";
				MODULE_VERIFIER_SUPPORTED_LANGUAGE_STANDARDS = "gnu99 gnu++11";
				ONLY_ACTIVE_ARCH = NO;
				PRODUCT_BUNDLE_IDENTIFIER = "com.BRToolKit.BRToolKit-iOS";
				PRODUCT_NAME = BRToolKit;
				SKIP_INSTALL = YES;
				SWIFT_OPTIMIZATION_LEVEL = "-Onone";
			};
			name = Debug;
		};
		52D6D9921BEFF229002C0205 /* Release */ = {
			isa = XCBuildConfiguration;
			buildSettings = {
				APPLICATION_EXTENSION_API_ONLY = YES;
				CLANG_ENABLE_MODULES = YES;
				CODE_SIGN_IDENTITY = "";
				DEFINES_MODULE = YES;
				DYLIB_COMPATIBILITY_VERSION = 1;
				DYLIB_CURRENT_VERSION = 1;
				DYLIB_INSTALL_NAME_BASE = "@rpath";
				ENABLE_MODULE_VERIFIER = YES;
				INFOPLIST_FILE = Configs/BRToolKit.plist;
				INSTALL_PATH = "$(LOCAL_LIBRARY_DIR)/Frameworks";
				LD_RUNPATH_SEARCH_PATHS = (
					"$(inherited)",
					"@executable_path/Frameworks",
					"@loader_path/Frameworks",
				);
				MACOSX_DEPLOYMENT_TARGET = "$(RECOMMENDED_MACOSX_DEPLOYMENT_TARGET)";
				MODULE_VERIFIER_SUPPORTED_LANGUAGE_STANDARDS = "gnu99 gnu++11";
				PRODUCT_BUNDLE_IDENTIFIER = "com.BRToolKit.BRToolKit-iOS";
				PRODUCT_NAME = BRToolKit;
				SKIP_INSTALL = YES;
				SWIFT_COMPILATION_MODE = wholemodule;
				SWIFT_OPTIMIZATION_LEVEL = "-O";
			};
			name = Release;
		};
		52D6D9941BEFF229002C0205 /* Debug */ = {
			isa = XCBuildConfiguration;
			buildSettings = {
				ALWAYS_EMBED_SWIFT_STANDARD_LIBRARIES = YES;
				CLANG_ENABLE_MODULES = YES;
				INFOPLIST_FILE = Configs/BRToolKitTests.plist;
				LD_RUNPATH_SEARCH_PATHS = (
					"$(inherited)",
					"@executable_path/Frameworks",
					"@loader_path/Frameworks",
				);
				MACOSX_DEPLOYMENT_TARGET = "$(RECOMMENDED_MACOSX_DEPLOYMENT_TARGET)";
				PRODUCT_BUNDLE_IDENTIFIER = "com.BRToolKit.BRToolKit-iOS-Tests";
				PRODUCT_NAME = "$(TARGET_NAME)";
				SWIFT_OPTIMIZATION_LEVEL = "-Onone";
			};
			name = Debug;
		};
		52D6D9951BEFF229002C0205 /* Release */ = {
			isa = XCBuildConfiguration;
			buildSettings = {
				ALWAYS_EMBED_SWIFT_STANDARD_LIBRARIES = YES;
				CLANG_ENABLE_MODULES = YES;
				INFOPLIST_FILE = Configs/BRToolKitTests.plist;
				LD_RUNPATH_SEARCH_PATHS = (
					"$(inherited)",
					"@executable_path/Frameworks",
					"@loader_path/Frameworks",
				);
				MACOSX_DEPLOYMENT_TARGET = "$(RECOMMENDED_MACOSX_DEPLOYMENT_TARGET)";
				PRODUCT_BUNDLE_IDENTIFIER = "com.BRToolKit.BRToolKit-iOS-Tests";
				PRODUCT_NAME = "$(TARGET_NAME)";
				SWIFT_COMPILATION_MODE = wholemodule;
				SWIFT_OPTIMIZATION_LEVEL = "-O";
			};
			name = Release;
		};
		52D6D9E81BEFFF6E002C0205 /* Debug */ = {
			isa = XCBuildConfiguration;
			buildSettings = {
				APPLICATION_EXTENSION_API_ONLY = YES;
				CLANG_ENABLE_MODULES = YES;
				CODE_SIGN_IDENTITY = "";
				DEFINES_MODULE = YES;
				DYLIB_COMPATIBILITY_VERSION = 1;
				DYLIB_CURRENT_VERSION = 1;
				DYLIB_INSTALL_NAME_BASE = "@rpath";
				ENABLE_MODULE_VERIFIER = YES;
				INFOPLIST_FILE = Configs/BRToolKit.plist;
				INSTALL_PATH = "$(LOCAL_LIBRARY_DIR)/Frameworks";
				LD_RUNPATH_SEARCH_PATHS = (
					"$(inherited)",
					"@executable_path/Frameworks",
					"@loader_path/Frameworks",
				);
				MACOSX_DEPLOYMENT_TARGET = "$(RECOMMENDED_MACOSX_DEPLOYMENT_TARGET)";
				MODULE_VERIFIER_SUPPORTED_LANGUAGE_STANDARDS = "gnu99 gnu++11";
				PRODUCT_BUNDLE_IDENTIFIER = "com.BRToolKit.BRToolKit-watchOS";
				PRODUCT_NAME = BRToolKit;
				SDKROOT = watchos;
				SKIP_INSTALL = YES;
				SWIFT_OPTIMIZATION_LEVEL = "-Onone";
				TARGETED_DEVICE_FAMILY = 4;
			};
			name = Debug;
		};
		52D6D9E91BEFFF6E002C0205 /* Release */ = {
			isa = XCBuildConfiguration;
			buildSettings = {
				APPLICATION_EXTENSION_API_ONLY = YES;
				CLANG_ENABLE_MODULES = YES;
				CODE_SIGN_IDENTITY = "";
				DEFINES_MODULE = YES;
				DYLIB_COMPATIBILITY_VERSION = 1;
				DYLIB_CURRENT_VERSION = 1;
				DYLIB_INSTALL_NAME_BASE = "@rpath";
				ENABLE_MODULE_VERIFIER = YES;
				INFOPLIST_FILE = Configs/BRToolKit.plist;
				INSTALL_PATH = "$(LOCAL_LIBRARY_DIR)/Frameworks";
				LD_RUNPATH_SEARCH_PATHS = (
					"$(inherited)",
					"@executable_path/Frameworks",
					"@loader_path/Frameworks",
				);
				MACOSX_DEPLOYMENT_TARGET = "$(RECOMMENDED_MACOSX_DEPLOYMENT_TARGET)";
				MODULE_VERIFIER_SUPPORTED_LANGUAGE_STANDARDS = "gnu99 gnu++11";
				PRODUCT_BUNDLE_IDENTIFIER = "com.BRToolKit.BRToolKit-watchOS";
				PRODUCT_NAME = BRToolKit;
				SDKROOT = watchos;
				SKIP_INSTALL = YES;
				SWIFT_COMPILATION_MODE = wholemodule;
				SWIFT_OPTIMIZATION_LEVEL = "-O";
				TARGETED_DEVICE_FAMILY = 4;
			};
			name = Release;
		};
		52D6DA021BEFFFBE002C0205 /* Debug */ = {
			isa = XCBuildConfiguration;
			buildSettings = {
				APPLICATION_EXTENSION_API_ONLY = YES;
				CLANG_ENABLE_MODULES = YES;
				CODE_SIGN_IDENTITY = "";
				DEFINES_MODULE = YES;
				DYLIB_COMPATIBILITY_VERSION = 1;
				DYLIB_CURRENT_VERSION = 1;
				DYLIB_INSTALL_NAME_BASE = "@rpath";
				ENABLE_MODULE_VERIFIER = YES;
				INFOPLIST_FILE = Configs/BRToolKit.plist;
				INSTALL_PATH = "$(LOCAL_LIBRARY_DIR)/Frameworks";
				LD_RUNPATH_SEARCH_PATHS = (
					"$(inherited)",
					"@executable_path/Frameworks",
					"@loader_path/Frameworks",
				);
				MACOSX_DEPLOYMENT_TARGET = "$(RECOMMENDED_MACOSX_DEPLOYMENT_TARGET)";
				MODULE_VERIFIER_SUPPORTED_LANGUAGE_STANDARDS = "gnu99 gnu++11";
				PRODUCT_BUNDLE_IDENTIFIER = "com.BRToolKit.BRToolKit-tvOS";
				PRODUCT_NAME = BRToolKit;
				SDKROOT = appletvos;
				SKIP_INSTALL = YES;
				SWIFT_OPTIMIZATION_LEVEL = "-Onone";
				TARGETED_DEVICE_FAMILY = 3;
			};
			name = Debug;
		};
		52D6DA031BEFFFBE002C0205 /* Release */ = {
			isa = XCBuildConfiguration;
			buildSettings = {
				APPLICATION_EXTENSION_API_ONLY = YES;
				CLANG_ENABLE_MODULES = YES;
				CODE_SIGN_IDENTITY = "";
				DEFINES_MODULE = YES;
				DYLIB_COMPATIBILITY_VERSION = 1;
				DYLIB_CURRENT_VERSION = 1;
				DYLIB_INSTALL_NAME_BASE = "@rpath";
				ENABLE_MODULE_VERIFIER = YES;
				INFOPLIST_FILE = Configs/BRToolKit.plist;
				INSTALL_PATH = "$(LOCAL_LIBRARY_DIR)/Frameworks";
				LD_RUNPATH_SEARCH_PATHS = (
					"$(inherited)",
					"@executable_path/Frameworks",
					"@loader_path/Frameworks",
				);
				MACOSX_DEPLOYMENT_TARGET = "$(RECOMMENDED_MACOSX_DEPLOYMENT_TARGET)";
				MODULE_VERIFIER_SUPPORTED_LANGUAGE_STANDARDS = "gnu99 gnu++11";
				PRODUCT_BUNDLE_IDENTIFIER = "com.BRToolKit.BRToolKit-tvOS";
				PRODUCT_NAME = BRToolKit;
				SDKROOT = appletvos;
				SKIP_INSTALL = YES;
				SWIFT_COMPILATION_MODE = wholemodule;
				SWIFT_OPTIMIZATION_LEVEL = "-O";
				TARGETED_DEVICE_FAMILY = 3;
			};
			name = Release;
		};
		52D6DA211BF000BD002C0205 /* Debug */ = {
			isa = XCBuildConfiguration;
			buildSettings = {
				APPLICATION_EXTENSION_API_ONLY = YES;
				CLANG_ENABLE_MODULES = YES;
				CODE_SIGN_IDENTITY = "-";
				COMBINE_HIDPI_IMAGES = YES;
				DEAD_CODE_STRIPPING = YES;
				DEFINES_MODULE = YES;
				DYLIB_COMPATIBILITY_VERSION = 1;
				DYLIB_CURRENT_VERSION = 1;
				DYLIB_INSTALL_NAME_BASE = "@rpath";
				ENABLE_MODULE_VERIFIER = YES;
				FRAMEWORK_VERSION = A;
				INFOPLIST_FILE = Configs/BRToolKit.plist;
				INSTALL_PATH = "$(LOCAL_LIBRARY_DIR)/Frameworks";
				LD_RUNPATH_SEARCH_PATHS = (
					"$(inherited)",
					"@executable_path/../Frameworks",
					"@loader_path/Frameworks",
				);
				MACOSX_DEPLOYMENT_TARGET = "$(RECOMMENDED_MACOSX_DEPLOYMENT_TARGET)";
				MODULE_VERIFIER_SUPPORTED_LANGUAGE_STANDARDS = "gnu99 gnu++11";
				PRODUCT_BUNDLE_IDENTIFIER = "com.BRToolKit.BRToolKit-macOS";
				PRODUCT_NAME = BRToolKit;
				SDKROOT = macosx;
				SKIP_INSTALL = YES;
				SWIFT_OPTIMIZATION_LEVEL = "-Onone";
			};
			name = Debug;
		};
		52D6DA221BF000BD002C0205 /* Release */ = {
			isa = XCBuildConfiguration;
			buildSettings = {
				APPLICATION_EXTENSION_API_ONLY = YES;
				CLANG_ENABLE_MODULES = YES;
				CODE_SIGN_IDENTITY = "-";
				COMBINE_HIDPI_IMAGES = YES;
				DEAD_CODE_STRIPPING = YES;
				DEFINES_MODULE = YES;
				DYLIB_COMPATIBILITY_VERSION = 1;
				DYLIB_CURRENT_VERSION = 1;
				DYLIB_INSTALL_NAME_BASE = "@rpath";
				ENABLE_MODULE_VERIFIER = YES;
				FRAMEWORK_VERSION = A;
				INFOPLIST_FILE = Configs/BRToolKit.plist;
				INSTALL_PATH = "$(LOCAL_LIBRARY_DIR)/Frameworks";
				LD_RUNPATH_SEARCH_PATHS = (
					"$(inherited)",
					"@executable_path/../Frameworks",
					"@loader_path/Frameworks",
				);
				MACOSX_DEPLOYMENT_TARGET = "$(RECOMMENDED_MACOSX_DEPLOYMENT_TARGET)";
				MODULE_VERIFIER_SUPPORTED_LANGUAGE_STANDARDS = "gnu99 gnu++11";
				PRODUCT_BUNDLE_IDENTIFIER = "com.BRToolKit.BRToolKit-macOS";
				PRODUCT_NAME = BRToolKit;
				SDKROOT = macosx;
				SKIP_INSTALL = YES;
				SWIFT_COMPILATION_MODE = wholemodule;
				SWIFT_OPTIMIZATION_LEVEL = "-O";
			};
			name = Release;
		};
		DD7502831C68FCFC006590AF /* Debug */ = {
			isa = XCBuildConfiguration;
			buildSettings = {
				ALWAYS_EMBED_SWIFT_STANDARD_LIBRARIES = YES;
				CODE_SIGN_IDENTITY = "-";
				COMBINE_HIDPI_IMAGES = YES;
				DEAD_CODE_STRIPPING = YES;
				INFOPLIST_FILE = Configs/BRToolKitTests.plist;
				LD_RUNPATH_SEARCH_PATHS = (
					"$(inherited)",
					"@executable_path/../Frameworks",
					"@loader_path/../Frameworks",
				);
				MACOSX_DEPLOYMENT_TARGET = "$(RECOMMENDED_MACOSX_DEPLOYMENT_TARGET)";
				PRODUCT_BUNDLE_IDENTIFIER = "com.BRToolKit.BRToolKit-macOS-Tests";
				PRODUCT_NAME = "$(TARGET_NAME)";
				SDKROOT = macosx;
			};
			name = Debug;
		};
		DD7502841C68FCFC006590AF /* Release */ = {
			isa = XCBuildConfiguration;
			buildSettings = {
				ALWAYS_EMBED_SWIFT_STANDARD_LIBRARIES = YES;
				CODE_SIGN_IDENTITY = "-";
				COMBINE_HIDPI_IMAGES = YES;
				DEAD_CODE_STRIPPING = YES;
				INFOPLIST_FILE = Configs/BRToolKitTests.plist;
				LD_RUNPATH_SEARCH_PATHS = (
					"$(inherited)",
					"@executable_path/../Frameworks",
					"@loader_path/../Frameworks",
				);
				MACOSX_DEPLOYMENT_TARGET = "$(RECOMMENDED_MACOSX_DEPLOYMENT_TARGET)";
				PRODUCT_BUNDLE_IDENTIFIER = "com.BRToolKit.BRToolKit-macOS-Tests";
				PRODUCT_NAME = "$(TARGET_NAME)";
				SDKROOT = macosx;
				SWIFT_COMPILATION_MODE = wholemodule;
				SWIFT_OPTIMIZATION_LEVEL = "-O";
			};
			name = Release;
		};
		DD7502961C690C7A006590AF /* Debug */ = {
			isa = XCBuildConfiguration;
			buildSettings = {
				ALWAYS_EMBED_SWIFT_STANDARD_LIBRARIES = YES;
				INFOPLIST_FILE = Configs/BRToolKitTests.plist;
				LD_RUNPATH_SEARCH_PATHS = (
					"$(inherited)",
					"@executable_path/Frameworks",
					"@loader_path/Frameworks",
				);
				MACOSX_DEPLOYMENT_TARGET = "$(RECOMMENDED_MACOSX_DEPLOYMENT_TARGET)";
				PRODUCT_BUNDLE_IDENTIFIER = "com.BRToolKit.BRToolKit-tvOS-Tests";
				PRODUCT_NAME = "$(TARGET_NAME)";
				SDKROOT = appletvos;
			};
			name = Debug;
		};
		DD7502971C690C7A006590AF /* Release */ = {
			isa = XCBuildConfiguration;
			buildSettings = {
				ALWAYS_EMBED_SWIFT_STANDARD_LIBRARIES = YES;
				INFOPLIST_FILE = Configs/BRToolKitTests.plist;
				LD_RUNPATH_SEARCH_PATHS = (
					"$(inherited)",
					"@executable_path/Frameworks",
					"@loader_path/Frameworks",
				);
				MACOSX_DEPLOYMENT_TARGET = "$(RECOMMENDED_MACOSX_DEPLOYMENT_TARGET)";
				PRODUCT_BUNDLE_IDENTIFIER = "com.BRToolKit.BRToolKit-tvOS-Tests";
				PRODUCT_NAME = "$(TARGET_NAME)";
				SDKROOT = appletvos;
				SWIFT_COMPILATION_MODE = wholemodule;
				SWIFT_OPTIMIZATION_LEVEL = "-O";
			};
			name = Release;
		};
/* End XCBuildConfiguration section */

/* Begin XCConfigurationList section */
		52D6D9761BEFF229002C0205 /* Build configuration list for PBXProject "BRToolKit" */ = {
			isa = XCConfigurationList;
			buildConfigurations = (
				52D6D98E1BEFF229002C0205 /* Debug */,
				52D6D98F1BEFF229002C0205 /* Release */,
			);
			defaultConfigurationIsVisible = 0;
			defaultConfigurationName = Release;
		};
		52D6D9901BEFF229002C0205 /* Build configuration list for PBXNativeTarget "BRToolKit-iOS" */ = {
			isa = XCConfigurationList;
			buildConfigurations = (
				52D6D9911BEFF229002C0205 /* Debug */,
				52D6D9921BEFF229002C0205 /* Release */,
			);
			defaultConfigurationIsVisible = 0;
			defaultConfigurationName = Release;
		};
		52D6D9931BEFF229002C0205 /* Build configuration list for PBXNativeTarget "BRToolKit-iOS Tests" */ = {
			isa = XCConfigurationList;
			buildConfigurations = (
				52D6D9941BEFF229002C0205 /* Debug */,
				52D6D9951BEFF229002C0205 /* Release */,
			);
			defaultConfigurationIsVisible = 0;
			defaultConfigurationName = Release;
		};
		52D6D9E71BEFFF6E002C0205 /* Build configuration list for PBXNativeTarget "BRToolKit-watchOS" */ = {
			isa = XCConfigurationList;
			buildConfigurations = (
				52D6D9E81BEFFF6E002C0205 /* Debug */,
				52D6D9E91BEFFF6E002C0205 /* Release */,
			);
			defaultConfigurationIsVisible = 0;
			defaultConfigurationName = Release;
		};
		52D6DA011BEFFFBE002C0205 /* Build configuration list for PBXNativeTarget "BRToolKit-tvOS" */ = {
			isa = XCConfigurationList;
			buildConfigurations = (
				52D6DA021BEFFFBE002C0205 /* Debug */,
				52D6DA031BEFFFBE002C0205 /* Release */,
			);
			defaultConfigurationIsVisible = 0;
			defaultConfigurationName = Release;
		};
		52D6DA201BF000BD002C0205 /* Build configuration list for PBXNativeTarget "BRToolKit-macOS" */ = {
			isa = XCConfigurationList;
			buildConfigurations = (
				52D6DA211BF000BD002C0205 /* Debug */,
				52D6DA221BF000BD002C0205 /* Release */,
			);
			defaultConfigurationIsVisible = 0;
			defaultConfigurationName = Release;
		};
		DD7502821C68FCFC006590AF /* Build configuration list for PBXNativeTarget "BRToolKit-macOS Tests" */ = {
			isa = XCConfigurationList;
			buildConfigurations = (
				DD7502831C68FCFC006590AF /* Debug */,
				DD7502841C68FCFC006590AF /* Release */,
			);
			defaultConfigurationIsVisible = 0;
			defaultConfigurationName = Release;
		};
		DD7502951C690C7A006590AF /* Build configuration list for PBXNativeTarget "BRToolKit-tvOS Tests" */ = {
			isa = XCConfigurationList;
			buildConfigurations = (
				DD7502961C690C7A006590AF /* Debug */,
				DD7502971C690C7A006590AF /* Release */,
			);
			defaultConfigurationIsVisible = 0;
			defaultConfigurationName = Release;
		};
/* End XCConfigurationList section */
	};
	rootObject = 52D6D9731BEFF229002C0205 /* Project object */;
}
